
Microsoft Visual Studio Solution File, Format Version 12.00
# Visual Studio Version 17
VisualStudioVersion = 17.7.34221.43
MinimumVisualStudioVersion = 10.0.40219.1
Project("{9A19103F-16F7-4668-BE54-9A1E7A4F7556}") = "FarmManagementApp", "FarmManagementApp.csproj", "{AC1007A8-A658-490B-92B6-910EC0FB84C5}"
EndProject
Project("{FAE04EC0-301F-11D3-BF4B-00C04F79EFBC}") = "FarmMangementAPI", "..\FarmManagementAPI\FarmMangementAPI\FarmMangementAPI.csproj", "{C0ED39DD-09BC-4DBB-94D0-3720AF51EC20}"
EndProject
Global
	GlobalSection(SolutionConfigurationPlatforms) = preSolution
		Debug|Any CPU = Debug|Any CPU
		Release|Any CPU = Release|Any CPU
	EndGlobalSection
	GlobalSection(ProjectConfigurationPlatforms) = postSolution
		{AC1007A8-A658-490B-92B6-910EC0FB84C5}.Debug|Any CPU.ActiveCfg = Debug|Any CPU
		{AC1007A8-A658-490B-92B6-910EC0FB84C5}.Debug|Any CPU.Build.0 = Debug|Any CPU
		{AC1007A8-A658-490B-92B6-910EC0FB84C5}.Release|Any CPU.ActiveCfg = Release|Any CPU
		{AC1007A8-A658-490B-92B6-910EC0FB84C5}.Release|Any CPU.Build.0 = Release|Any CPU
		{C0ED39DD-09BC-4DBB-94D0-3720AF51EC20}.Debug|Any CPU.ActiveCfg = Debug|Any CPU
		{C0ED39DD-09BC-4DBB-94D0-3720AF51EC20}.Debug|Any CPU.Build.0 = Debug|Any CPU
		{C0ED39DD-09BC-4DBB-94D0-3720AF51EC20}.Release|Any CPU.ActiveCfg = Release|Any CPU
		{C0ED39DD-09BC-4DBB-94D0-3720AF51EC20}.Release|Any CPU.Build.0 = Release|Any CPU
	EndGlobalSection
	GlobalSection(SolutionProperties) = preSolution
		HideSolutionNode = FALSE
	EndGlobalSection
	GlobalSection(ExtensibilityGlobals) = postSolution
		SolutionGuid = {1E6B151A-FD8C-4786-A091-59CAA9C8A1D9}
	EndGlobalSection
EndGlobal
